
Microsoft Visual Studio Solution File, Format Version 12.00
# Visual Studio 15
VisualStudioVersion = 15.0.27428.2037
MinimumVisualStudioVersion = 10.0.40219.1
Project("{FAE04EC0-301F-11D3-BF4B-00C04F79EFBC}") = "QuanLyDiem", "QuanLyDiem\QuanLyDiem.csproj", "{67D010D0-53E5-4FDC-A388-1C6698DE2FFB}"
EndProject
Project("{FAE04EC0-301F-11D3-BF4B-00C04F79EFBC}") = "DAL", "DataProvider\DAL.csproj", "{187CD3C9-B2B6-4903-8D05-2494B9B8873C}"
EndProject
Project("{FAE04EC0-301F-11D3-BF4B-00C04F79EFBC}") = "DTO", "DTO\DTO.csproj", "{CE0D6E7C-C4EC-42F3-B214-78B47FB04A05}"
EndProject
Project("{FAE04EC0-301F-11D3-BF4B-00C04F79EFBC}") = "BUS", "BUS\BUS.csproj", "{5E3AE465-6390-4931-A7F6-EB20F8E61FDD}"
EndProject
Global
	GlobalSection(SolutionConfigurationPlatforms) = preSolution
		Debug|Any CPU = Debug|Any CPU
		Release|Any CPU = Release|Any CPU
	EndGlobalSection
	GlobalSection(ProjectConfigurationPlatforms) = postSolution
		{67D010D0-53E5-4FDC-A388-1C6698DE2FFB}.Debug|Any CPU.ActiveCfg = Debug|Any CPU
		{67D010D0-53E5-4FDC-A388-1C6698DE2FFB}.Debug|Any CPU.Build.0 = Debug|Any CPU
		{67D010D0-53E5-4FDC-A388-1C6698DE2FFB}.Release|Any CPU.ActiveCfg = Release|Any CPU
		{67D010D0-53E5-4FDC-A388-1C6698DE2FFB}.Release|Any CPU.Build.0 = Release|Any CPU
		{187CD3C9-B2B6-4903-8D05-2494B9B8873C}.Debug|Any CPU.ActiveCfg = Debug|Any CPU
		{187CD3C9-B2B6-4903-8D05-2494B9B8873C}.Debug|Any CPU.Build.0 = Debug|Any CPU
		{187CD3C9-B2B6-4903-8D05-2494B9B8873C}.Release|Any CPU.ActiveCfg = Release|Any CPU
		{187CD3C9-B2B6-4903-8D05-2494B9B8873C}.Release|Any CPU.Build.0 = Release|Any CPU
		{CE0D6E7C-C4EC-42F3-B214-78B47FB04A05}.Debug|Any CPU.ActiveCfg = Debug|Any CPU
		{CE0D6E7C-C4EC-42F3-B214-78B47FB04A05}.Debug|Any CPU.Build.0 = Debug|Any CPU
		{CE0D6E7C-C4EC-42F3-B214-78B47FB04A05}.Release|Any CPU.ActiveCfg = Release|Any CPU
		{CE0D6E7C-C4EC-42F3-B214-78B47FB04A05}.Release|Any CPU.Build.0 = Release|Any CPU
		{5E3AE465-6390-4931-A7F6-EB20F8E61FDD}.Debug|Any CPU.ActiveCfg = Debug|Any CPU
		{5E3AE465-6390-4931-A7F6-EB20F8E61FDD}.Debug|Any CPU.Build.0 = Debug|Any CPU
		{5E3AE465-6390-4931-A7F6-EB20F8E61FDD}.Release|Any CPU.ActiveCfg = Release|Any CPU
		{5E3AE465-6390-4931-A7F6-EB20F8E61FDD}.Release|Any CPU.Build.0 = Release|Any CPU
	EndGlobalSection
	GlobalSection(SolutionProperties) = preSolution
		HideSolutionNode = FALSE
	EndGlobalSection
	GlobalSection(ExtensibilityGlobals) = postSolution
		SolutionGuid = {C173860F-D96E-40A5-AAD7-C21CE379F41D}
	EndGlobalSection
EndGlobal
